
Microsoft Visual Studio Solution File, Format Version 12.00
# Visual Studio 14
VisualStudioVersion = 14.0.25420.1
MinimumVisualStudioVersion = 10.0.40219.1
Project("{FAE04EC0-301F-11D3-BF4B-00C04F79EFBC}") = "CogsMinimizer", "CogsMinimizer\CogsMinimizer.csproj", "{775B3C62-AC5B-4B28-992F-54F6711F646E}"
EndProject
Project("{FAE04EC0-301F-11D3-BF4B-00C04F79EFBC}") = "OfflineSubscriptionManager", "OfflineSubscriptionManager\OfflineSubscriptionManager.csproj", "{E06CE186-ABAD-4BDA-BFA8-0788E33D2250}"
EndProject
Project("{FAE04EC0-301F-11D3-BF4B-00C04F79EFBC}") = "Shared", "Shared\Shared.csproj", "{817FA706-5649-4CA1-A6C3-5CC3248A8A06}"
EndProject
Project("{FAE04EC0-301F-11D3-BF4B-00C04F79EFBC}") = "SubMinimizerTests", "SubMinimizerTests\SubMinimizerTests.csproj", "{A3B72F3F-8A94-4486-BCCA-818E70D0AEB5}"
EndProject
Global
	GlobalSection(SolutionConfigurationPlatforms) = preSolution
		Debug|Any CPU = Debug|Any CPU
		Release|Any CPU = Release|Any CPU
	EndGlobalSection
	GlobalSection(ProjectConfigurationPlatforms) = postSolution
		{775B3C62-AC5B-4B28-992F-54F6711F646E}.Debug|Any CPU.ActiveCfg = Debug|Any CPU
		{775B3C62-AC5B-4B28-992F-54F6711F646E}.Debug|Any CPU.Build.0 = Debug|Any CPU
		{775B3C62-AC5B-4B28-992F-54F6711F646E}.Release|Any CPU.ActiveCfg = Release|Any CPU
		{775B3C62-AC5B-4B28-992F-54F6711F646E}.Release|Any CPU.Build.0 = Release|Any CPU
		{E06CE186-ABAD-4BDA-BFA8-0788E33D2250}.Debug|Any CPU.ActiveCfg = Debug|Any CPU
		{E06CE186-ABAD-4BDA-BFA8-0788E33D2250}.Debug|Any CPU.Build.0 = Debug|Any CPU
		{E06CE186-ABAD-4BDA-BFA8-0788E33D2250}.Release|Any CPU.ActiveCfg = Release|Any CPU
		{E06CE186-ABAD-4BDA-BFA8-0788E33D2250}.Release|Any CPU.Build.0 = Release|Any CPU
		{817FA706-5649-4CA1-A6C3-5CC3248A8A06}.Debug|Any CPU.ActiveCfg = Debug|Any CPU
		{817FA706-5649-4CA1-A6C3-5CC3248A8A06}.Debug|Any CPU.Build.0 = Debug|Any CPU
		{817FA706-5649-4CA1-A6C3-5CC3248A8A06}.Release|Any CPU.ActiveCfg = Release|Any CPU
		{817FA706-5649-4CA1-A6C3-5CC3248A8A06}.Release|Any CPU.Build.0 = Release|Any CPU
		{A3B72F3F-8A94-4486-BCCA-818E70D0AEB5}.Debug|Any CPU.ActiveCfg = Debug|Any CPU
		{A3B72F3F-8A94-4486-BCCA-818E70D0AEB5}.Debug|Any CPU.Build.0 = Debug|Any CPU
		{A3B72F3F-8A94-4486-BCCA-818E70D0AEB5}.Release|Any CPU.ActiveCfg = Release|Any CPU
		{A3B72F3F-8A94-4486-BCCA-818E70D0AEB5}.Release|Any CPU.Build.0 = Release|Any CPU
	EndGlobalSection
	GlobalSection(SolutionProperties) = preSolution
		HideSolutionNode = FALSE
	EndGlobalSection
EndGlobal
